
Microsoft Visual Studio Solution File, Format Version 12.00
# Visual Studio Version 17
VisualStudioVersion = 17.4.33205.214
MinimumVisualStudioVersion = 10.0.40219.1
Project("{FAE04EC0-301F-11D3-BF4B-00C04F79EFBC}") = "Biyoinformatik_2", "Biyoinformatik_2\Biyoinformatik_2.csproj", "{FAAC1A50-616D-4542-8E1D-DFF4EB14795A}"
EndProject
Global
	GlobalSection(SolutionConfigurationPlatforms) = preSolution
		Debug|Any CPU = Debug|Any CPU
		Release|Any CPU = Release|Any CPU
	EndGlobalSection
	GlobalSection(ProjectConfigurationPlatforms) = postSolution
		{FAAC1A50-616D-4542-8E1D-DFF4EB14795A}.Debug|Any CPU.ActiveCfg = Debug|Any CPU
		{FAAC1A50-616D-4542-8E1D-DFF4EB14795A}.Debug|Any CPU.Build.0 = Debug|Any CPU
		{FAAC1A50-616D-4542-8E1D-DFF4EB14795A}.Release|Any CPU.ActiveCfg = Release|Any CPU
		{FAAC1A50-616D-4542-8E1D-DFF4EB14795A}.Release|Any CPU.Build.0 = Release|Any CPU
	EndGlobalSection
	GlobalSection(SolutionProperties) = preSolution
		HideSolutionNode = FALSE
	EndGlobalSection
	GlobalSection(ExtensibilityGlobals) = postSolution
		SolutionGuid = {D54680E6-BE1F-4ADA-8BA4-929AE8631CC2}
	EndGlobalSection
EndGlobal
